
Microsoft Visual Studio Solution File, Format Version 12.00
Project("{FAE04EC0-301F-11D3-BF4B-00C04F79EFBC}") = "Triangle", "Triangle\Triangle.csproj", "{8A327AAB-7B89-42E1-BE6B-2840AE5A51D5}"
EndProject
Project("{FAE04EC0-301F-11D3-BF4B-00C04F79EFBC}") = "TriangleTests", "TriangleTests\TriangleTests.csproj", "{3B14E44B-B8BE-4E0E-BF4C-4439FE8D931F}"
EndProject
Global
	GlobalSection(SolutionConfigurationPlatforms) = preSolution
		Debug|Any CPU = Debug|Any CPU
		Release|Any CPU = Release|Any CPU
	EndGlobalSection
	GlobalSection(ProjectConfigurationPlatforms) = postSolution
		{8A327AAB-7B89-42E1-BE6B-2840AE5A51D5}.Debug|Any CPU.ActiveCfg = Debug|Any CPU
		{8A327AAB-7B89-42E1-BE6B-2840AE5A51D5}.Debug|Any CPU.Build.0 = Debug|Any CPU
		{8A327AAB-7B89-42E1-BE6B-2840AE5A51D5}.Release|Any CPU.ActiveCfg = Release|Any CPU
		{8A327AAB-7B89-42E1-BE6B-2840AE5A51D5}.Release|Any CPU.Build.0 = Release|Any CPU
		{3B14E44B-B8BE-4E0E-BF4C-4439FE8D931F}.Debug|Any CPU.ActiveCfg = Debug|Any CPU
		{3B14E44B-B8BE-4E0E-BF4C-4439FE8D931F}.Debug|Any CPU.Build.0 = Debug|Any CPU
		{3B14E44B-B8BE-4E0E-BF4C-4439FE8D931F}.Release|Any CPU.ActiveCfg = Release|Any CPU
		{3B14E44B-B8BE-4E0E-BF4C-4439FE8D931F}.Release|Any CPU.Build.0 = Release|Any CPU
	EndGlobalSection
EndGlobal
